
Microsoft Visual Studio Solution File, Format Version 12.00
# Visual Studio 15
VisualStudioVersion = 15.0.26430.14
MinimumVisualStudioVersion = 10.0.40219.1
Project("{FAE04EC0-301F-11D3-BF4B-00C04F79EFBC}") = "Math400Hw1", "Math400Hw1\Math400Hw1.csproj", "{784EE76B-8B88-4EE0-A3F7-6863A1F2D414}"
EndProject
Global
	GlobalSection(SolutionConfigurationPlatforms) = preSolution
		Debug|Any CPU = Debug|Any CPU
		Release|Any CPU = Release|Any CPU
	EndGlobalSection
	GlobalSection(ProjectConfigurationPlatforms) = postSolution
		{784EE76B-8B88-4EE0-A3F7-6863A1F2D414}.Debug|Any CPU.ActiveCfg = Debug|Any CPU
		{784EE76B-8B88-4EE0-A3F7-6863A1F2D414}.Debug|Any CPU.Build.0 = Debug|Any CPU
		{784EE76B-8B88-4EE0-A3F7-6863A1F2D414}.Release|Any CPU.ActiveCfg = Release|Any CPU
		{784EE76B-8B88-4EE0-A3F7-6863A1F2D414}.Release|Any CPU.Build.0 = Release|Any CPU
	EndGlobalSection
	GlobalSection(SolutionProperties) = preSolution
		HideSolutionNode = FALSE
	EndGlobalSection
EndGlobal
